
Microsoft Visual Studio Solution File, Format Version 12.00
# Visual Studio Version 17
VisualStudioVersion = 17.4.33213.308
MinimumVisualStudioVersion = 10.0.40219.1
Project("{9A19103F-16F7-4668-BE54-9A1E7A4F7556}") = "ControleFinanceiro.API", "ControleFinanceiro.API\ControleFinanceiro.API.csproj", "{DD414B52-80B5-4612-89FF-DB5E459B5344}"
EndProject
Project("{FAE04EC0-301F-11D3-BF4B-00C04F79EFBC}") = "ControleFinanceiro.BLL", "ControleFinanceiro.BLL\ControleFinanceiro.BLL.csproj", "{D89738AF-AC0B-40CB-934E-7019049337F7}"
EndProject
Project("{FAE04EC0-301F-11D3-BF4B-00C04F79EFBC}") = "ControleFinanceiro.DAL", "ControleFinanceiro.DAL\ControleFinanceiro.DAL.csproj", "{16E8F600-AF7D-402C-AEC9-A4F9F205B1AA}"
EndProject
Global
	GlobalSection(SolutionConfigurationPlatforms) = preSolution
		Debug|Any CPU = Debug|Any CPU
		Release|Any CPU = Release|Any CPU
	EndGlobalSection
	GlobalSection(ProjectConfigurationPlatforms) = postSolution
		{DD414B52-80B5-4612-89FF-DB5E459B5344}.Debug|Any CPU.ActiveCfg = Debug|Any CPU
		{DD414B52-80B5-4612-89FF-DB5E459B5344}.Debug|Any CPU.Build.0 = Debug|Any CPU
		{DD414B52-80B5-4612-89FF-DB5E459B5344}.Release|Any CPU.ActiveCfg = Release|Any CPU
		{DD414B52-80B5-4612-89FF-DB5E459B5344}.Release|Any CPU.Build.0 = Release|Any CPU
		{D89738AF-AC0B-40CB-934E-7019049337F7}.Debug|Any CPU.ActiveCfg = Debug|Any CPU
		{D89738AF-AC0B-40CB-934E-7019049337F7}.Debug|Any CPU.Build.0 = Debug|Any CPU
		{D89738AF-AC0B-40CB-934E-7019049337F7}.Release|Any CPU.ActiveCfg = Release|Any CPU
		{D89738AF-AC0B-40CB-934E-7019049337F7}.Release|Any CPU.Build.0 = Release|Any CPU
		{16E8F600-AF7D-402C-AEC9-A4F9F205B1AA}.Debug|Any CPU.ActiveCfg = Debug|Any CPU
		{16E8F600-AF7D-402C-AEC9-A4F9F205B1AA}.Debug|Any CPU.Build.0 = Debug|Any CPU
		{16E8F600-AF7D-402C-AEC9-A4F9F205B1AA}.Release|Any CPU.ActiveCfg = Release|Any CPU
		{16E8F600-AF7D-402C-AEC9-A4F9F205B1AA}.Release|Any CPU.Build.0 = Release|Any CPU
	EndGlobalSection
	GlobalSection(SolutionProperties) = preSolution
		HideSolutionNode = FALSE
	EndGlobalSection
	GlobalSection(ExtensibilityGlobals) = postSolution
		SolutionGuid = {1357711E-0241-461A-A0DE-76DB8FA9972F}
	EndGlobalSection
EndGlobal
